
Microsoft Visual Studio Solution File, Format Version 12.00
# Visual Studio Version 17
VisualStudioVersion = 17.2.32519.379
MinimumVisualStudioVersion = 10.0.40219.1
Project("{9A19103F-16F7-4668-BE54-9A1E7A4F7556}") = "EasyOposUI", "EasyOposUI\EasyOposUI.csproj", "{43DD2EC8-7BD8-4E99-AF50-39C6B60A2639}"
EndProject
Project("{9A19103F-16F7-4668-BE54-9A1E7A4F7556}") = "EasyOposLibrary", "EasyOposLibrary\EasyOposLibrary.csproj", "{4ADE0FF8-61DB-4F18-BD2B-A9B2FDF09ECA}"
EndProject
Global
	GlobalSection(SolutionConfigurationPlatforms) = preSolution
		Debug|Any CPU = Debug|Any CPU
		Release|Any CPU = Release|Any CPU
	EndGlobalSection
	GlobalSection(ProjectConfigurationPlatforms) = postSolution
		{43DD2EC8-7BD8-4E99-AF50-39C6B60A2639}.Debug|Any CPU.ActiveCfg = Debug|Any CPU
		{43DD2EC8-7BD8-4E99-AF50-39C6B60A2639}.Debug|Any CPU.Build.0 = Debug|Any CPU
		{43DD2EC8-7BD8-4E99-AF50-39C6B60A2639}.Release|Any CPU.ActiveCfg = Release|Any CPU
		{43DD2EC8-7BD8-4E99-AF50-39C6B60A2639}.Release|Any CPU.Build.0 = Release|Any CPU
		{4ADE0FF8-61DB-4F18-BD2B-A9B2FDF09ECA}.Debug|Any CPU.ActiveCfg = Debug|Any CPU
		{4ADE0FF8-61DB-4F18-BD2B-A9B2FDF09ECA}.Debug|Any CPU.Build.0 = Debug|Any CPU
		{4ADE0FF8-61DB-4F18-BD2B-A9B2FDF09ECA}.Release|Any CPU.ActiveCfg = Release|Any CPU
		{4ADE0FF8-61DB-4F18-BD2B-A9B2FDF09ECA}.Release|Any CPU.Build.0 = Release|Any CPU
	EndGlobalSection
	GlobalSection(SolutionProperties) = preSolution
		HideSolutionNode = FALSE
	EndGlobalSection
	GlobalSection(ExtensibilityGlobals) = postSolution
		SolutionGuid = {455A9312-1DEE-4109-BE32-01D7BD6A130E}
	EndGlobalSection
EndGlobal
